
Microsoft Visual Studio Solution File, Format Version 12.00
# Visual Studio Version 16
VisualStudioVersion = 16.0.30320.27
MinimumVisualStudioVersion = 10.0.40219.1
Project("{9A19103F-16F7-4668-BE54-9A1E7A4F7556}") = "PseudoWolfenstein", "PseudoWolfenstein.csproj", "{BDDA7690-7F4A-4165-9A49-826CBF1D1B52}"
EndProject
Global
	GlobalSection(SolutionConfigurationPlatforms) = preSolution
		Debug|Any CPU = Debug|Any CPU
		Release|Any CPU = Release|Any CPU
	EndGlobalSection
	GlobalSection(ProjectConfigurationPlatforms) = postSolution
		{BDDA7690-7F4A-4165-9A49-826CBF1D1B52}.Debug|Any CPU.ActiveCfg = Debug|Any CPU
		{BDDA7690-7F4A-4165-9A49-826CBF1D1B52}.Debug|Any CPU.Build.0 = Debug|Any CPU
		{BDDA7690-7F4A-4165-9A49-826CBF1D1B52}.Release|Any CPU.ActiveCfg = Release|Any CPU
		{BDDA7690-7F4A-4165-9A49-826CBF1D1B52}.Release|Any CPU.Build.0 = Release|Any CPU
	EndGlobalSection
	GlobalSection(SolutionProperties) = preSolution
		HideSolutionNode = FALSE
	EndGlobalSection
	GlobalSection(ExtensibilityGlobals) = postSolution
		SolutionGuid = {9214127F-978B-4E43-BDEE-AF7247EB5D52}
	EndGlobalSection
EndGlobal
